
Microsoft Visual Studio Solution File, Format Version 12.00
# Visual Studio 2013
VisualStudioVersion = 12.0.21005.1
MinimumVisualStudioVersion = 10.0.40219.1
Project("{FAE04EC0-301F-11D3-BF4B-00C04F79EFBC}") = "BookStore", "BookStore\BookStore.csproj", "{CE25F4F7-1338-4AA3-8EC7-9B8F41BBE109}"
EndProject
Project("{FAE04EC0-301F-11D3-BF4B-00C04F79EFBC}") = "BookStore.Domain", "BookStore.Domain\BookStore.Domain.csproj", "{B52FE83E-5FD1-4ED7-AD08-A003EB187650}"
EndProject
Global
	GlobalSection(SolutionConfigurationPlatforms) = preSolution
		Debug|Any CPU = Debug|Any CPU
		Release|Any CPU = Release|Any CPU
	EndGlobalSection
	GlobalSection(ProjectConfigurationPlatforms) = postSolution
		{CE25F4F7-1338-4AA3-8EC7-9B8F41BBE109}.Debug|Any CPU.ActiveCfg = Debug|Any CPU
		{CE25F4F7-1338-4AA3-8EC7-9B8F41BBE109}.Debug|Any CPU.Build.0 = Debug|Any CPU
		{CE25F4F7-1338-4AA3-8EC7-9B8F41BBE109}.Release|Any CPU.ActiveCfg = Release|Any CPU
		{CE25F4F7-1338-4AA3-8EC7-9B8F41BBE109}.Release|Any CPU.Build.0 = Release|Any CPU
		{B52FE83E-5FD1-4ED7-AD08-A003EB187650}.Debug|Any CPU.ActiveCfg = Debug|Any CPU
		{B52FE83E-5FD1-4ED7-AD08-A003EB187650}.Debug|Any CPU.Build.0 = Debug|Any CPU
		{B52FE83E-5FD1-4ED7-AD08-A003EB187650}.Release|Any CPU.ActiveCfg = Release|Any CPU
		{B52FE83E-5FD1-4ED7-AD08-A003EB187650}.Release|Any CPU.Build.0 = Release|Any CPU
	EndGlobalSection
	GlobalSection(SolutionProperties) = preSolution
		HideSolutionNode = FALSE
	EndGlobalSection
EndGlobal
